
Microsoft Visual Studio Solution File, Format Version 12.00
# Visual Studio Version 16
VisualStudioVersion = 16.0.34114.132
MinimumVisualStudioVersion = 10.0.40219.1
Project("{8BC9CEB8-8B4A-11D0-8D11-00A0C91BC942}") = "LibraryProject", "LibraryProject\LibraryProject.vcxproj", "{0726AEBF-525A-443A-BA52-FDD9A0DA2976}"
EndProject
Global
	GlobalSection(SolutionConfigurationPlatforms) = preSolution
		Debug|x64 = Debug|x64
		Debug|x86 = Debug|x86
		Release|x64 = Release|x64
		Release|x86 = Release|x86
	EndGlobalSection
	GlobalSection(ProjectConfigurationPlatforms) = postSolution
		{0726AEBF-525A-443A-BA52-FDD9A0DA2976}.Debug|x64.ActiveCfg = Debug|x64
		{0726AEBF-525A-443A-BA52-FDD9A0DA2976}.Debug|x64.Build.0 = Debug|x64
		{0726AEBF-525A-443A-BA52-FDD9A0DA2976}.Debug|x86.ActiveCfg = Debug|Win32
		{0726AEBF-525A-443A-BA52-FDD9A0DA2976}.Debug|x86.Build.0 = Debug|Win32
		{0726AEBF-525A-443A-BA52-FDD9A0DA2976}.Release|x64.ActiveCfg = Release|x64
		{0726AEBF-525A-443A-BA52-FDD9A0DA2976}.Release|x64.Build.0 = Release|x64
		{0726AEBF-525A-443A-BA52-FDD9A0DA2976}.Release|x86.ActiveCfg = Release|Win32
		{0726AEBF-525A-443A-BA52-FDD9A0DA2976}.Release|x86.Build.0 = Release|Win32
	EndGlobalSection
	GlobalSection(SolutionProperties) = preSolution
		HideSolutionNode = FALSE
	EndGlobalSection
	GlobalSection(ExtensibilityGlobals) = postSolution
		SolutionGuid = {3F24175E-48B4-474E-8496-CF8DE3F53E0C}
	EndGlobalSection
EndGlobal
